
Microsoft Visual Studio Solution File, Format Version 12.00
# Visual Studio Version 17
VisualStudioVersion = 17.6.33417.168
MinimumVisualStudioVersion = 10.0.40219.1
Project("{FAE04EC0-301F-11D3-BF4B-00C04F79EFBC}") = "Mona_Skidki", "Mona_Skidki.csproj", "{D84AA63C-5687-4488-AEE1-D9D8CE432D39}"
EndProject
Global
	GlobalSection(SolutionConfigurationPlatforms) = preSolution
		Debug|Any CPU = Debug|Any CPU
		Release|Any CPU = Release|Any CPU
	EndGlobalSection
	GlobalSection(ProjectConfigurationPlatforms) = postSolution
		{D84AA63C-5687-4488-AEE1-D9D8CE432D39}.Debug|Any CPU.ActiveCfg = Debug|Any CPU
		{D84AA63C-5687-4488-AEE1-D9D8CE432D39}.Debug|Any CPU.Build.0 = Debug|Any CPU
		{D84AA63C-5687-4488-AEE1-D9D8CE432D39}.Release|Any CPU.ActiveCfg = Release|Any CPU
		{D84AA63C-5687-4488-AEE1-D9D8CE432D39}.Release|Any CPU.Build.0 = Release|Any CPU
	EndGlobalSection
	GlobalSection(SolutionProperties) = preSolution
		HideSolutionNode = FALSE
	EndGlobalSection
	GlobalSection(ExtensibilityGlobals) = postSolution
		SolutionGuid = {6D1CCEF0-1CA1-4161-8DC9-3279C0140DD6}
	EndGlobalSection
EndGlobal
